// !$*UTF8*$!
{
	archiveVersion = 1;
	classes = {
	};
	objectVersion = 46;
	objects = {

/* Begin PBXFileReference section */
		6518E14217502C0800540A80 /* rsmathutils.cpp */ = {isa = PBXFileReference; fileEncoding = 4; lastKnownFileType = sourcecode.cpp.cpp; path = rsmathutils.cpp; sourceTree = "<group>"; };
		6518E14317502C0800540A80 /* rsmathutils.h */ = {isa = PBXFileReference; fileEncoding = 4; lastKnownFileType = sourcecode.c.h; path = rsmathutils.h; sourceTree = "<group>"; };
		6518E14417502C0800540A80 /* rsregression.c */ = {isa = PBXFileReference; fileEncoding = 4; lastKnownFileType = sourcecode.c.c; path = rsregression.c; sourceTree = "<group>"; };
		6518E14517503BB700540A80 /* rsmathutils_internal.h */ = {isa = PBXFileReference; lastKnownFileType = sourcecode.c.h; path = rsmathutils_internal.h; sourceTree = "<group>"; };
		654194C4174A8CEB009F5EF6 /* rstimecourse.c */ = {isa = PBXFileReference; fileEncoding = 4; lastKnownFileType = sourcecode.c.c; path = rstimecourse.c; sourceTree = "<group>"; };
		654194C9174A8FDA009F5EF6 /* rstimecourse */ = {isa = PBXFileReference; lastKnownFileType = "compiled.mach-o.executable"; path = rstimecourse; sourceTree = "<group>"; };
		654194CC174A9194009F5EF6 /* dbh.h */ = {isa = PBXFileReference; fileEncoding = 4; lastKnownFileType = sourcecode.c.h; path = dbh.h; sourceTree = "<group>"; };
		654194CD174A9194009F5EF6 /* depend.mk */ = {isa = PBXFileReference; fileEncoding = 4; lastKnownFileType = text; path = depend.mk; sourceTree = "<group>"; };
		654194CE174A9194009F5EF6 /* fslio.c */ = {isa = PBXFileReference; fileEncoding = 4; lastKnownFileType = sourcecode.c.c; path = fslio.c; sourceTree = "<group>"; };
		654194CF174A9194009F5EF6 /* fslio.h */ = {isa = PBXFileReference; fileEncoding = 4; lastKnownFileType = sourcecode.c.h; path = fslio.h; sourceTree = "<group>"; };
		654194D0174A9194009F5EF6 /* fslio.o */ = {isa = PBXFileReference; lastKnownFileType = "compiled.mach-o.objfile"; path = fslio.o; sourceTree = "<group>"; };
		654194D1174A9194009F5EF6 /* fslio.tcl */ = {isa = PBXFileReference; fileEncoding = 4; lastKnownFileType = text; path = fslio.tcl; sourceTree = "<group>"; };
		654194D2174A9194009F5EF6 /* imcp */ = {isa = PBXFileReference; fileEncoding = 4; lastKnownFileType = text.script.sh; path = imcp; sourceTree = "<group>"; };
		654194D3174A9194009F5EF6 /* imglob */ = {isa = PBXFileReference; fileEncoding = 4; lastKnownFileType = text.script.sh; path = imglob; sourceTree = "<group>"; };
		654194D4174A9194009F5EF6 /* imln */ = {isa = PBXFileReference; fileEncoding = 4; lastKnownFileType = text.script.sh; path = imln; sourceTree = "<group>"; };
		654194D5174A9194009F5EF6 /* immv */ = {isa = PBXFileReference; fileEncoding = 4; lastKnownFileType = text.script.sh; path = immv; sourceTree = "<group>"; };
		654194D6174A9194009F5EF6 /* imrm */ = {isa = PBXFileReference; fileEncoding = 4; lastKnownFileType = text.script.sh; path = imrm; sourceTree = "<group>"; };
		654194D7174A9194009F5EF6 /* imtest */ = {isa = PBXFileReference; fileEncoding = 4; lastKnownFileType = text.script.sh; path = imtest; sourceTree = "<group>"; };
		654194D9174A9194009F5EF6 /* libfslio.a */ = {isa = PBXFileReference; lastKnownFileType = archive.ar; path = libfslio.a; sourceTree = "<group>"; };
		654194DA174A9194009F5EF6 /* Makefile */ = {isa = PBXFileReference; fileEncoding = 4; lastKnownFileType = sourcecode.make; path = Makefile; sourceTree = "<group>"; };
		654194DB174A9194009F5EF6 /* remove_ext */ = {isa = PBXFileReference; fileEncoding = 4; lastKnownFileType = text.script.sh; path = remove_ext; sourceTree = "<group>"; };
		654194DD174A9194009F5EF6 /* dbh.h */ = {isa = PBXFileReference; fileEncoding = 4; lastKnownFileType = sourcecode.c.h; path = dbh.h; sourceTree = "<group>"; };
		654194DE174A9194009F5EF6 /* fslio.h */ = {isa = PBXFileReference; fileEncoding = 4; lastKnownFileType = sourcecode.c.h; path = fslio.h; sourceTree = "<group>"; };
		654194DF174A9194009F5EF6 /* nifti1.h */ = {isa = PBXFileReference; fileEncoding = 4; lastKnownFileType = sourcecode.c.h; path = nifti1.h; sourceTree = "<group>"; };
		654194E0174A9194009F5EF6 /* nifti1_io.h */ = {isa = PBXFileReference; fileEncoding = 4; lastKnownFileType = sourcecode.c.h; path = nifti1_io.h; sourceTree = "<group>"; };
		654194E1174A9194009F5EF6 /* nifticdf.h */ = {isa = PBXFileReference; fileEncoding = 4; lastKnownFileType = sourcecode.c.h; path = nifticdf.h; sourceTree = "<group>"; };
		654194E2174A9194009F5EF6 /* znzlib.h */ = {isa = PBXFileReference; fileEncoding = 4; lastKnownFileType = sourcecode.c.h; path = znzlib.h; sourceTree = "<group>"; };
		654194E4174A9194009F5EF6 /* depend.mk */ = {isa = PBXFileReference; fileEncoding = 4; lastKnownFileType = text; path = depend.mk; sourceTree = "<group>"; };
		654194E6174A9194009F5EF6 /* libnifticdf.a */ = {isa = PBXFileReference; lastKnownFileType = archive.ar; path = libnifticdf.a; sourceTree = "<group>"; };
		654194E7174A9194009F5EF6 /* Makefile */ = {isa = PBXFileReference; fileEncoding = 4; lastKnownFileType = sourcecode.make; path = Makefile; sourceTree = "<group>"; };
		654194E8174A9194009F5EF6 /* nifticdf.c */ = {isa = PBXFileReference; fileEncoding = 4; lastKnownFileType = sourcecode.c.c; path = nifticdf.c; sourceTree = "<group>"; };
		654194E9174A9194009F5EF6 /* nifticdf.h */ = {isa = PBXFileReference; fileEncoding = 4; lastKnownFileType = sourcecode.c.h; path = nifticdf.h; sourceTree = "<group>"; };
		654194EA174A9194009F5EF6 /* nifticdf.o */ = {isa = PBXFileReference; lastKnownFileType = "compiled.mach-o.objfile"; path = nifticdf.o; sourceTree = "<group>"; };
		654194EC174A9194009F5EF6 /* depend.mk */ = {isa = PBXFileReference; fileEncoding = 4; lastKnownFileType = text; path = depend.mk; sourceTree = "<group>"; };
		654194EE174A9194009F5EF6 /* libniftiio.a */ = {isa = PBXFileReference; lastKnownFileType = archive.ar; path = libniftiio.a; sourceTree = "<group>"; };
		654194EF174A9194009F5EF6 /* Makefile */ = {isa = PBXFileReference; fileEncoding = 4; lastKnownFileType = sourcecode.make; path = Makefile; sourceTree = "<group>"; };
		654194F0174A9194009F5EF6 /* nifti1.h */ = {isa = PBXFileReference; fileEncoding = 4; lastKnownFileType = sourcecode.c.h; path = nifti1.h; sourceTree = "<group>"; };
		654194F1174A9194009F5EF6 /* nifti1_io.c */ = {isa = PBXFileReference; fileEncoding = 4; lastKnownFileType = sourcecode.c.c; path = nifti1_io.c; sourceTree = "<group>"; };
		654194F2174A9194009F5EF6 /* nifti1_io.h */ = {isa = PBXFileReference; fileEncoding = 4; lastKnownFileType = sourcecode.c.h; path = nifti1_io.h; sourceTree = "<group>"; };
		654194F3174A9194009F5EF6 /* nifti1_io.o */ = {isa = PBXFileReference; lastKnownFileType = "compiled.mach-o.objfile"; path = nifti1_io.o; sourceTree = "<group>"; };
		654194F5174A9194009F5EF6 /* brainmask.nii */ = {isa = PBXFileReference; lastKnownFileType = file; path = brainmask.nii; sourceTree = "<group>"; };
		654194F6174A9194009F5EF6 /* clib_01_read_write.c */ = {isa = PBXFileReference; fileEncoding = 4; lastKnownFileType = sourcecode.c.c; path = clib_01_read_write.c; sourceTree = "<group>"; };
		654194F7174A9194009F5EF6 /* Makefile */ = {isa = PBXFileReference; fileEncoding = 4; lastKnownFileType = sourcecode.make; path = Makefile; sourceTree = "<group>"; };
		654194F8174A9194009F5EF6 /* rstimecourse */ = {isa = PBXFileReference; lastKnownFileType = "compiled.mach-o.executable"; path = rstimecourse; sourceTree = "<group>"; };
		654194F9174A9194009F5EF6 /* rstimecourse.c */ = {isa = PBXFileReference; fileEncoding = 4; lastKnownFileType = sourcecode.c.c; path = rstimecourse.c; sourceTree = "<group>"; };
		654194FA174A9194009F5EF6 /* rstimecourse.dSYM */ = {isa = PBXFileReference; lastKnownFileType = wrapper.dsym; path = rstimecourse.dSYM; sourceTree = "<group>"; };
		654194FB174A9194009F5EF6 /* rstools.xcodeproj */ = {isa = PBXFileReference; lastKnownFileType = "wrapper.pb-project"; path = rstools.xcodeproj; sourceTree = "<group>"; };
		654194FE174A9194009F5EF6 /* swavols.nii */ = {isa = PBXFileReference; lastKnownFileType = file; path = swavols.nii; sourceTree = "<group>"; };
		65419500174A9194009F5EF6 /* Makefile */ = {isa = PBXFileReference; fileEncoding = 4; lastKnownFileType = sourcecode.make; path = Makefile; sourceTree = "<group>"; };
		65419501174A9194009F5EF6 /* nifti1_test */ = {isa = PBXFileReference; lastKnownFileType = "compiled.mach-o.executable"; path = nifti1_test; sourceTree = "<group>"; };
		65419502174A9194009F5EF6 /* nifti1_test.c */ = {isa = PBXFileReference; fileEncoding = 4; lastKnownFileType = sourcecode.c.c; path = nifti1_test.c; sourceTree = "<group>"; };
		65419503174A9194009F5EF6 /* nifti_stats */ = {isa = PBXFileReference; lastKnownFileType = "compiled.mach-o.executable"; path = nifti_stats; sourceTree = "<group>"; };
		65419504174A9194009F5EF6 /* nifti_stats.c */ = {isa = PBXFileReference; fileEncoding = 4; lastKnownFileType = sourcecode.c.c; path = nifti_stats.c; sourceTree = "<group>"; };
		65419505174A9194009F5EF6 /* nifti_tool */ = {isa = PBXFileReference; lastKnownFileType = "compiled.mach-o.executable"; path = nifti_tool; sourceTree = "<group>"; };
		65419506174A9194009F5EF6 /* nifti_tool.c */ = {isa = PBXFileReference; fileEncoding = 4; lastKnownFileType = sourcecode.c.c; path = nifti_tool.c; sourceTree = "<group>"; };
		65419507174A9194009F5EF6 /* nifti_tool.h */ = {isa = PBXFileReference; fileEncoding = 4; lastKnownFileType = sourcecode.c.h; path = nifti_tool.h; sourceTree = "<group>"; };
		65419509174A9194009F5EF6 /* depend.mk */ = {isa = PBXFileReference; fileEncoding = 4; lastKnownFileType = text; path = depend.mk; sourceTree = "<group>"; };
		6541950B174A9194009F5EF6 /* libznz.a */ = {isa = PBXFileReference; lastKnownFileType = archive.ar; path = libznz.a; sourceTree = "<group>"; };
		6541950C174A9194009F5EF6 /* Makefile */ = {isa = PBXFileReference; fileEncoding = 4; lastKnownFileType = sourcecode.make; path = Makefile; sourceTree = "<group>"; };
		6541950D174A9194009F5EF6 /* znzlib.c */ = {isa = PBXFileReference; fileEncoding = 4; lastKnownFileType = sourcecode.c.c; path = znzlib.c; sourceTree = "<group>"; };
		6541950E174A9194009F5EF6 /* znzlib.h */ = {isa = PBXFileReference; fileEncoding = 4; lastKnownFileType = sourcecode.c.h; path = znzlib.h; sourceTree = "<group>"; };
		6541950F174A9194009F5EF6 /* znzlib.o */ = {isa = PBXFileReference; lastKnownFileType = "compiled.mach-o.objfile"; path = znzlib.o; sourceTree = "<group>"; };
		656F1F8F174C00A7007783BB /* rsniftiutils.c */ = {isa = PBXFileReference; fileEncoding = 4; lastKnownFileType = sourcecode.c.c; path = rsniftiutils.c; sourceTree = SOURCE_ROOT; };
		656F1F90174C00A7007783BB /* rsniftiutils.h */ = {isa = PBXFileReference; fileEncoding = 4; lastKnownFileType = sourcecode.c.h; path = rsniftiutils.h; sourceTree = SOURCE_ROOT; };
		657910DA175EB45700769B38 /* rsbandpass.c */ = {isa = PBXFileReference; fileEncoding = 4; lastKnownFileType = sourcecode.c.c; path = rsbandpass.c; sourceTree = "<group>"; };
		65DD8AF8175764D700DD8A07 /* rsmathutils.c */ = {isa = PBXFileReference; fileEncoding = 4; lastKnownFileType = sourcecode.c.c; path = rsmathutils.c; sourceTree = "<group>"; };
/* End PBXFileReference section */

/* Begin PBXGroup section */
		654194B9174A8C5F009F5EF6 = {
			isa = PBXGroup;
			children = (
				654194C9174A8FDA009F5EF6 /* rstimecourse */,
				654194C4174A8CEB009F5EF6 /* rstimecourse.c */,
				654194CA174A916E009F5EF6 /* FSLIO */,
			);
			sourceTree = "<group>";
		};
		654194CA174A916E009F5EF6 /* FSLIO */ = {
			isa = PBXGroup;
			children = (
				654194CB174A9194009F5EF6 /* fsliolib */,
				654194DC174A9194009F5EF6 /* include */,
				654194E3174A9194009F5EF6 /* nifticdf */,
				654194EB174A9194009F5EF6 /* niftilib */,
				654194F4174A9194009F5EF6 /* rstools */,
				654194FF174A9194009F5EF6 /* utils */,
				65419508174A9194009F5EF6 /* znzlib */,
			);
			name = FSLIO;
			sourceTree = "<group>";
		};
		654194CB174A9194009F5EF6 /* fsliolib */ = {
			isa = PBXGroup;
			children = (
				654194CC174A9194009F5EF6 /* dbh.h */,
				654194CD174A9194009F5EF6 /* depend.mk */,
				654194CE174A9194009F5EF6 /* fslio.c */,
				654194CF174A9194009F5EF6 /* fslio.h */,
				654194D0174A9194009F5EF6 /* fslio.o */,
				654194D1174A9194009F5EF6 /* fslio.tcl */,
				654194D2174A9194009F5EF6 /* imcp */,
				654194D3174A9194009F5EF6 /* imglob */,
				654194D4174A9194009F5EF6 /* imln */,
				654194D5174A9194009F5EF6 /* immv */,
				654194D6174A9194009F5EF6 /* imrm */,
				654194D7174A9194009F5EF6 /* imtest */,
				654194D8174A9194009F5EF6 /* lib */,
				654194D9174A9194009F5EF6 /* libfslio.a */,
				654194DA174A9194009F5EF6 /* Makefile */,
				654194DB174A9194009F5EF6 /* remove_ext */,
			);
			name = fsliolib;
			path = ../fsliolib;
			sourceTree = "<group>";
		};
		654194D8174A9194009F5EF6 /* lib */ = {
			isa = PBXGroup;
			children = (
			);
			path = lib;
			sourceTree = "<group>";
		};
		654194DC174A9194009F5EF6 /* include */ = {
			isa = PBXGroup;
			children = (
				654194DD174A9194009F5EF6 /* dbh.h */,
				654194DE174A9194009F5EF6 /* fslio.h */,
				654194DF174A9194009F5EF6 /* nifti1.h */,
				654194E0174A9194009F5EF6 /* nifti1_io.h */,
				654194E1174A9194009F5EF6 /* nifticdf.h */,
				654194E2174A9194009F5EF6 /* znzlib.h */,
			);
			name = include;
			path = ../include;
			sourceTree = "<group>";
		};
		654194E3174A9194009F5EF6 /* nifticdf */ = {
			isa = PBXGroup;
			children = (
				654194E4174A9194009F5EF6 /* depend.mk */,
				654194E5174A9194009F5EF6 /* lib */,
				654194E6174A9194009F5EF6 /* libnifticdf.a */,
				654194E7174A9194009F5EF6 /* Makefile */,
				654194E8174A9194009F5EF6 /* nifticdf.c */,
				654194E9174A9194009F5EF6 /* nifticdf.h */,
				654194EA174A9194009F5EF6 /* nifticdf.o */,
			);
			name = nifticdf;
			path = ../nifticdf;
			sourceTree = "<group>";
		};
		654194E5174A9194009F5EF6 /* lib */ = {
			isa = PBXGroup;
			children = (
			);
			path = lib;
			sourceTree = "<group>";
		};
		654194EB174A9194009F5EF6 /* niftilib */ = {
			isa = PBXGroup;
			children = (
				654194EC174A9194009F5EF6 /* depend.mk */,
				654194ED174A9194009F5EF6 /* lib */,
				654194EE174A9194009F5EF6 /* libniftiio.a */,
				654194EF174A9194009F5EF6 /* Makefile */,
				654194F0174A9194009F5EF6 /* nifti1.h */,
				654194F1174A9194009F5EF6 /* nifti1_io.c */,
				654194F2174A9194009F5EF6 /* nifti1_io.h */,
				654194F3174A9194009F5EF6 /* nifti1_io.o */,
			);
			name = niftilib;
			path = ../niftilib;
			sourceTree = "<group>";
		};
		654194ED174A9194009F5EF6 /* lib */ = {
			isa = PBXGroup;
			children = (
			);
			path = lib;
			sourceTree = "<group>";
		};
		654194F4174A9194009F5EF6 /* rstools */ = {
			isa = PBXGroup;
			children = (
				65DD8AF8175764D700DD8A07 /* rsmathutils.c */,
				6518E14217502C0800540A80 /* rsmathutils.cpp */,
				6518E14317502C0800540A80 /* rsmathutils.h */,
				6518E14517503BB700540A80 /* rsmathutils_internal.h */,
				6518E14417502C0800540A80 /* rsregression.c */,
				656F1F8F174C00A7007783BB /* rsniftiutils.c */,
				656F1F90174C00A7007783BB /* rsniftiutils.h */,
				654194F5174A9194009F5EF6 /* brainmask.nii */,
				654194F6174A9194009F5EF6 /* clib_01_read_write.c */,
				654194F7174A9194009F5EF6 /* Makefile */,
				654194F8174A9194009F5EF6 /* rstimecourse */,
				654194F9174A9194009F5EF6 /* rstimecourse.c */,
				654194FA174A9194009F5EF6 /* rstimecourse.dSYM */,
				654194FB174A9194009F5EF6 /* rstools.xcodeproj */,
				654194FE174A9194009F5EF6 /* swavols.nii */,
				657910DA175EB45700769B38 /* rsbandpass.c */,
			);
			name = rstools;
			sourceTree = "<group>";
		};
		654194FC174A9194009F5EF6 /* Products */ = {
			isa = PBXGroup;
			name = Products;
			sourceTree = "<group>";
		};
		654194FF174A9194009F5EF6 /* utils */ = {
			isa = PBXGroup;
			children = (
				65419500174A9194009F5EF6 /* Makefile */,
				65419501174A9194009F5EF6 /* nifti1_test */,
				65419502174A9194009F5EF6 /* nifti1_test.c */,
				65419503174A9194009F5EF6 /* nifti_stats */,
				65419504174A9194009F5EF6 /* nifti_stats.c */,
				65419505174A9194009F5EF6 /* nifti_tool */,
				65419506174A9194009F5EF6 /* nifti_tool.c */,
				65419507174A9194009F5EF6 /* nifti_tool.h */,
			);
			name = utils;
			path = ../utils;
			sourceTree = "<group>";
		};
		65419508174A9194009F5EF6 /* znzlib */ = {
			isa = PBXGroup;
			children = (
				65419509174A9194009F5EF6 /* depend.mk */,
				6541950A174A9194009F5EF6 /* lib */,
				6541950B174A9194009F5EF6 /* libznz.a */,
				6541950C174A9194009F5EF6 /* Makefile */,
				6541950D174A9194009F5EF6 /* znzlib.c */,
				6541950E174A9194009F5EF6 /* znzlib.h */,
				6541950F174A9194009F5EF6 /* znzlib.o */,
			);
			name = znzlib;
			path = ../znzlib;
			sourceTree = "<group>";
		};
		6541950A174A9194009F5EF6 /* lib */ = {
			isa = PBXGroup;
			children = (
			);
			path = lib;
			sourceTree = "<group>";
		};
/* End PBXGroup section */

/* Begin PBXLegacyTarget section */
		654194C0174A8CCC009F5EF6 /* RSTools */ = {
			isa = PBXLegacyTarget;
			buildArgumentsString = "$(ACTION)";
			buildConfigurationList = 654194C1174A8CCC009F5EF6 /* Build configuration list for PBXLegacyTarget "RSTools" */;
			buildPhases = (
			);
			buildToolPath = /usr/bin/make;
			dependencies = (
			);
			name = RSTools;
			passBuildSettingsInEnvironment = 1;
			productName = RSTools;
		};
		654194C5174A8EDC009F5EF6 /* Debug */ = {
			isa = PBXLegacyTarget;
			buildArgumentsString = "$(ACTION)";
			buildConfigurationList = 654194C6174A8EDC009F5EF6 /* Build configuration list for PBXLegacyTarget "Debug" */;
			buildPhases = (
			);
			buildToolPath = /usr/bin/make;
			dependencies = (
			);
			name = Debug;
			passBuildSettingsInEnvironment = 1;
			productName = Debug;
		};
/* End PBXLegacyTarget section */

/* Begin PBXProject section */
		654194BA174A8C5F009F5EF6 /* Project object */ = {
			isa = PBXProject;
			attributes = {
				LastUpgradeCheck = 0460;
			};
			buildConfigurationList = 654194BD174A8C5F009F5EF6 /* Build configuration list for PBXProject "rstools" */;
			compatibilityVersion = "Xcode 3.2";
			developmentRegion = English;
			hasScannedForEncodings = 0;
			knownRegions = (
				en,
			);
			mainGroup = 654194B9174A8C5F009F5EF6;
			projectDirPath = "";
			projectReferences = (
				{
					ProductGroup = 654194FC174A9194009F5EF6 /* Products */;
					ProjectRef = 654194FB174A9194009F5EF6 /* rstools.xcodeproj */;
				},
			);
			projectRoot = "";
			targets = (
				654194C0174A8CCC009F5EF6 /* RSTools */,
				654194C5174A8EDC009F5EF6 /* Debug */,
			);
		};
/* End PBXProject section */

/* Begin XCBuildConfiguration section */
		654194BE174A8C5F009F5EF6 /* Debug */ = {
			isa = XCBuildConfiguration;
			buildSettings = {
			};
			name = Debug;
		};
		654194BF174A8C5F009F5EF6 /* Release */ = {
			isa = XCBuildConfiguration;
			buildSettings = {
			};
			name = Release;
		};
		654194C2174A8CCC009F5EF6 /* Debug */ = {
			isa = XCBuildConfiguration;
			buildSettings = {
				ALWAYS_SEARCH_USER_PATHS = NO;
				ARCHS = "$(ARCHS_STANDARD_64_BIT)";
				CLANG_CXX_LANGUAGE_STANDARD = "gnu++0x";
				CLANG_CXX_LIBRARY = "libc++";
				CLANG_WARN_CONSTANT_CONVERSION = YES;
				CLANG_WARN_EMPTY_BODY = YES;
				CLANG_WARN_ENUM_CONVERSION = YES;
				CLANG_WARN_INT_CONVERSION = YES;
				CLANG_WARN__DUPLICATE_METHOD_MATCH = YES;
				COPY_PHASE_STRIP = YES;
				DEBUGGING_SYMBOLS = YES;
				DEBUG_INFORMATION_FORMAT = "dwarf-with-dsym";
				GCC_C_LANGUAGE_STANDARD = gnu99;
				GCC_DYNAMIC_NO_PIC = NO;
				GCC_ENABLE_OBJC_EXCEPTIONS = YES;
				GCC_GENERATE_DEBUGGING_SYMBOLS = YES;
				GCC_OPTIMIZATION_LEVEL = 0;
				GCC_PREPROCESSOR_DEFINITIONS = (
					"DEBUG=1",
					"$(inherited)",
				);
				GCC_SYMBOLS_PRIVATE_EXTERN = NO;
				GCC_WARN_64_TO_32_BIT_CONVERSION = YES;
				GCC_WARN_ABOUT_RETURN_TYPE = YES;
				GCC_WARN_UNINITIALIZED_AUTOS = YES;
				GCC_WARN_UNUSED_VARIABLE = YES;
				MACOSX_DEPLOYMENT_TARGET = 10.8;
				ONLY_ACTIVE_ARCH = YES;
				OTHER_CFLAGS = "";
				OTHER_LDFLAGS = "";
				PRODUCT_NAME = "$(TARGET_NAME)";
				SDKROOT = macosx;
			};
			name = Debug;
		};
		654194C3174A8CCC009F5EF6 /* Release */ = {
			isa = XCBuildConfiguration;
			buildSettings = {
				ALWAYS_SEARCH_USER_PATHS = NO;
				ARCHS = "$(ARCHS_STANDARD_64_BIT)";
				CLANG_CXX_LANGUAGE_STANDARD = "gnu++0x";
				CLANG_CXX_LIBRARY = "libc++";
				CLANG_WARN_CONSTANT_CONVERSION = YES;
				CLANG_WARN_EMPTY_BODY = YES;
				CLANG_WARN_ENUM_CONVERSION = YES;
				CLANG_WARN_INT_CONVERSION = YES;
				CLANG_WARN__DUPLICATE_METHOD_MATCH = YES;
				COPY_PHASE_STRIP = YES;
				DEBUG_INFORMATION_FORMAT = "dwarf-with-dsym";
				GCC_C_LANGUAGE_STANDARD = gnu99;
				GCC_ENABLE_OBJC_EXCEPTIONS = YES;
				GCC_WARN_64_TO_32_BIT_CONVERSION = YES;
				GCC_WARN_ABOUT_RETURN_TYPE = YES;
				GCC_WARN_UNINITIALIZED_AUTOS = YES;
				GCC_WARN_UNUSED_VARIABLE = YES;
				MACOSX_DEPLOYMENT_TARGET = 10.8;
				OTHER_CFLAGS = "";
				OTHER_LDFLAGS = "";
				PRODUCT_NAME = "$(TARGET_NAME)";
				SDKROOT = macosx;
			};
			name = Release;
		};
		654194C7174A8EDC009F5EF6 /* Debug */ = {
			isa = XCBuildConfiguration;
			buildSettings = {
				ALWAYS_SEARCH_USER_PATHS = NO;
				ARCHS = "$(ARCHS_STANDARD_64_BIT)";
				CLANG_CXX_LANGUAGE_STANDARD = "gnu++0x";
				CLANG_CXX_LIBRARY = "libc++";
				CLANG_WARN_CONSTANT_CONVERSION = YES;
				CLANG_WARN_EMPTY_BODY = YES;
				CLANG_WARN_ENUM_CONVERSION = YES;
				CLANG_WARN_INT_CONVERSION = YES;
				CLANG_WARN__DUPLICATE_METHOD_MATCH = YES;
				COPY_PHASE_STRIP = NO;
				DEBUGGING_SYMBOLS = YES;
				GCC_C_LANGUAGE_STANDARD = gnu99;
				GCC_DYNAMIC_NO_PIC = NO;
				GCC_ENABLE_OBJC_EXCEPTIONS = YES;
				GCC_GENERATE_DEBUGGING_SYMBOLS = YES;
				GCC_OPTIMIZATION_LEVEL = 0;
				GCC_PREPROCESSOR_DEFINITIONS = (
					"DEBUG=1",
					"$(inherited)",
				);
				GCC_SYMBOLS_PRIVATE_EXTERN = NO;
				GCC_WARN_64_TO_32_BIT_CONVERSION = YES;
				GCC_WARN_ABOUT_RETURN_TYPE = YES;
				GCC_WARN_UNINITIALIZED_AUTOS = YES;
				GCC_WARN_UNUSED_VARIABLE = YES;
				MACOSX_DEPLOYMENT_TARGET = 10.8;
				ONLY_ACTIVE_ARCH = YES;
				OTHER_CFLAGS = "";
				OTHER_LDFLAGS = "";
				PRODUCT_NAME = "$(TARGET_NAME)";
				SDKROOT = macosx;
			};
			name = Debug;
		};
		654194C8174A8EDC009F5EF6 /* Release */ = {
			isa = XCBuildConfiguration;
			buildSettings = {
				ALWAYS_SEARCH_USER_PATHS = NO;
				ARCHS = "$(ARCHS_STANDARD_64_BIT)";
				CLANG_CXX_LANGUAGE_STANDARD = "gnu++0x";
				CLANG_CXX_LIBRARY = "libc++";
				CLANG_WARN_CONSTANT_CONVERSION = YES;
				CLANG_WARN_EMPTY_BODY = YES;
				CLANG_WARN_ENUM_CONVERSION = YES;
				CLANG_WARN_INT_CONVERSION = YES;
				CLANG_WARN__DUPLICATE_METHOD_MATCH = YES;
				COPY_PHASE_STRIP = YES;
				DEBUG_INFORMATION_FORMAT = "dwarf-with-dsym";
				GCC_C_LANGUAGE_STANDARD = gnu99;
				GCC_ENABLE_OBJC_EXCEPTIONS = YES;
				GCC_WARN_64_TO_32_BIT_CONVERSION = YES;
				GCC_WARN_ABOUT_RETURN_TYPE = YES;
				GCC_WARN_UNINITIALIZED_AUTOS = YES;
				GCC_WARN_UNUSED_VARIABLE = YES;
				MACOSX_DEPLOYMENT_TARGET = 10.8;
				OTHER_CFLAGS = "";
				OTHER_LDFLAGS = "";
				PRODUCT_NAME = "$(TARGET_NAME)";
				SDKROOT = macosx;
			};
			name = Release;
		};
/* End XCBuildConfiguration section */

/* Begin XCConfigurationList section */
		654194BD174A8C5F009F5EF6 /* Build configuration list for PBXProject "rstools" */ = {
			isa = XCConfigurationList;
			buildConfigurations = (
				654194BE174A8C5F009F5EF6 /* Debug */,
				654194BF174A8C5F009F5EF6 /* Release */,
			);
			defaultConfigurationIsVisible = 0;
			defaultConfigurationName = Release;
		};
		654194C1174A8CCC009F5EF6 /* Build configuration list for PBXLegacyTarget "RSTools" */ = {
			isa = XCConfigurationList;
			buildConfigurations = (
				654194C2174A8CCC009F5EF6 /* Debug */,
				654194C3174A8CCC009F5EF6 /* Release */,
			);
			defaultConfigurationIsVisible = 0;
			defaultConfigurationName = Release;
		};
		654194C6174A8EDC009F5EF6 /* Build configuration list for PBXLegacyTarget "Debug" */ = {
			isa = XCConfigurationList;
			buildConfigurations = (
				654194C7174A8EDC009F5EF6 /* Debug */,
				654194C8174A8EDC009F5EF6 /* Release */,
			);
			defaultConfigurationIsVisible = 0;
			defaultConfigurationName = Release;
		};
/* End XCConfigurationList section */
	};
	rootObject = 654194BA174A8C5F009F5EF6 /* Project object */;
}
