<?xml version="1.0" encoding="UTF-8"?>
<Scheme
   LastUpgradeVersion = "0460"
   version = "1.3">
   <BuildAction
      parallelizeBuildables = "YES"
      buildImplicitDependencies = "YES">
      <BuildActionEntries>
         <BuildActionEntry
            buildForTesting = "YES"
            buildForRunning = "YES"
            buildForProfiling = "YES"
            buildForArchiving = "YES"
            buildForAnalyzing = "YES">
            <BuildableReference
               BuildableIdentifier = "primary"
               BlueprintIdentifier = "654194C0174A8CCC009F5EF6"
               BuildableName = "RSTools"
               BlueprintName = "RSTools"
               ReferencedContainer = "container:rstools.xcodeproj">
            </BuildableReference>
         </BuildActionEntry>
      </BuildActionEntries>
   </BuildAction>
   <TestAction
      selectedDebuggerIdentifier = "Xcode.DebuggerFoundation.Debugger.LLDB"
      selectedLauncherIdentifier = "Xcode.DebuggerFoundation.Launcher.LLDB"
      shouldUseLaunchSchemeArgsEnv = "YES"
      buildConfiguration = "Debug">
      <Testables>
      </Testables>
      <CommandLineArguments>
         <CommandLineArgument
            argument = "-m brainmask.nii -p 50 50 50 -input swavols.nii"
            isEnabled = "YES">
         </CommandLineArgument>
      </CommandLineArguments>
   </TestAction>
   <LaunchAction
      selectedDebuggerIdentifier = "Xcode.DebuggerFoundation.Debugger.LLDB"
      selectedLauncherIdentifier = "Xcode.DebuggerFoundation.Launcher.LLDB"
      launchStyle = "0"
      useCustomWorkingDirectory = "NO"
      buildConfiguration = "Debug"
      ignoresPersistentStateOnLaunch = "NO"
      debugDocumentVersioning = "YES"
      allowLocationSimulation = "YES">
      <PathRunnable
         FilePath = "/Users/andre/Studium/Master/Master Semester 4/Master Thesis/RSTools/rstools/rstimecourse">
      </PathRunnable>
      <CommandLineArguments>
         <CommandLineArgument
            argument = "-m brainmask.nii -v -input swavols.nii -savemask roi.nii"
            isEnabled = "YES">
         </CommandLineArgument>
      </CommandLineArguments>
      <EnvironmentVariables>
         <EnvironmentVariable
            key = "PATH"
            value = "/Users/andre/.rvm/gems/ruby-1.9.2-p290/bin:/Users/andre/.rvm/gems/ruby-1.9.2-p290@global/bin:/Users/andre/.rvm/rubies/ruby-1.9.2-p290/bin:/Users/andre/.rvm/bin:/usr/bin:/bin:/usr/sbin:/sbin:/usr/local/bin:/usr/X11/bin:/usr/local/git/bin:/opt/local/bin:/usr/local/mysql/bin:/usr/local/ImageMagick/bin:/usr/texbin:/usr/local/fsl/bin:/usr/local/Cellar/sdl/1.2.15/bin"
            isEnabled = "YES">
         </EnvironmentVariable>
         <EnvironmentVariable
            key = "FSLDIR"
            value = "/usr/local/fsl"
            isEnabled = "YES">
         </EnvironmentVariable>
         <EnvironmentVariable
            key = "FSLOUTPUTTYPE"
            value = "NIFTI"
            isEnabled = "YES">
         </EnvironmentVariable>
         <EnvironmentVariable
            key = "FSLMULTIFILEQUIT"
            value = "TRUE"
            isEnabled = "YES">
         </EnvironmentVariable>
         <EnvironmentVariable
            key = "FSLTCLSH"
            value = "/usr/local/fsl/bin/fsltclsh"
            isEnabled = "YES">
         </EnvironmentVariable>
         <EnvironmentVariable
            key = "FSLWISH"
            value = "/usr/local/fsl/bin/fslwish"
            isEnabled = "YES">
         </EnvironmentVariable>
         <EnvironmentVariable
            key = "FSLLOCKDIR"
            value = ""
            isEnabled = "YES">
         </EnvironmentVariable>
         <EnvironmentVariable
            key = "FSLMACHINELIST"
            value = ""
            isEnabled = "YES">
         </EnvironmentVariable>
         <EnvironmentVariable
            key = "FSLREMOTECALL"
            value = ""
            isEnabled = "YES">
         </EnvironmentVariable>
         <EnvironmentVariable
            key = "FSLCONFDIR"
            value = "/usr/local/fsl/config"
            isEnabled = "YES">
         </EnvironmentVariable>
         <EnvironmentVariable
            key = "FSLMACHTYPE"
            value = "apple-darwin11-gcc4.2"
            isEnabled = "YES">
         </EnvironmentVariable>
      </EnvironmentVariables>
      <AdditionalOptions>
      </AdditionalOptions>
   </LaunchAction>
   <ProfileAction
      shouldUseLaunchSchemeArgsEnv = "YES"
      savedToolIdentifier = ""
      useCustomWorkingDirectory = "NO"
      buildConfiguration = "Release"
      debugDocumentVersioning = "YES">
      <PathRunnable
         FilePath = "/Users/andre/Desktop/rstools/rstools/rstimecourse">
      </PathRunnable>
   </ProfileAction>
   <AnalyzeAction
      buildConfiguration = "Debug">
   </AnalyzeAction>
   <ArchiveAction
      buildConfiguration = "Release"
      revealArchiveInOrganizer = "YES">
   </ArchiveAction>
</Scheme>
